<?xml version="1.0" encoding="utf-8"?>
<Project ToolsVersion="4.0" xmlns="http://schemas.microsoft.com/developer/msbuild/2003">
  <ItemGroup>
    <Filter Include="Source Files">
      <UniqueIdentifier>{4FC737F1-C7A5-4376-A066-2A32D752A2FF}</UniqueIdentifier>
      <Extensions>cpp;c;cc;cxx;c++;cppm;ixx;def;odl;idl;hpj;bat;asm;asmx</Extensions>
    </Filter>
    <Filter Include="Header Files">
      <UniqueIdentifier>{93995380-89BD-4b04-88EB-625FBE52EBFB}</UniqueIdentifier>
      <Extensions>h;hh;hpp;hxx;h++;hm;inl;inc;ipp;xsd</Extensions>
    </Filter>
    <Filter Include="Resource Files">
      <UniqueIdentifier>{67DA6AB6-F800-4c08-8B7A-83BB121AAD01}</UniqueIdentifier>
      <Extensions>rc;ico;cur;bmp;dlg;rc2;rct;bin;rgs;gif;jpg;jpeg;jpe;resx;tiff;tif;png;wav;mfcribbon-ms</Extensions>
    </Filter>
  </ItemGroup>
  <ItemGroup>
    <ClCompile Include="source\Main.cpp">
      <Filter>Source Files</Filter>
    </ClCompile>
    <ClCompile Include="source\Game.cpp">
      <Filter>Source Files</Filter>
    </ClCompile>
    <ClCompile Include="source\ImageRenderer.cpp">
      <Filter>Source Files</Filter>
    </ClCompile>
    <ClCompile Include="source\RenderManager.cpp">
      <Filter>Source Files</Filter>
    </ClCompile>
    <ClCompile Include="source\InputManager.cpp">
      <Filter>Source Files</Filter>
    </ClCompile>
    <ClCompile Include="source\AABB.cpp">
      <Filter>Source Files</Filter>
    </ClCompile>
    <ClCompile Include="source\Rigidbody.cpp">
      <Filter>Source Files</Filter>
    </ClCompile>
    <ClCompile Include="source\TextRenderer.cpp">
      <Filter>Source Files</Filter>
    </ClCompile>
    <ClCompile Include="source\TextObject.cpp">
      <Filter>Source Files</Filter>
    </ClCompile>
    <ClCompile Include="source\SceneManager.cpp">
      <Filter>Source Files</Filter>
    </ClCompile>
    <ClCompile Include="source\Gameplay.cpp">
      <Filter>Source Files</Filter>
    </ClCompile>
    <ClCompile Include="source\Scene.cpp">
      <Filter>Source Files</Filter>
    </ClCompile>
    <ClCompile Include="source\Button.cpp">
      <Filter>Source Files</Filter>
    </ClCompile>
    <ClCompile Include="source\Item.cpp">
      <Filter>Source Files</Filter>
    </ClCompile>
    <ClCompile Include="source\Bullet.cpp">
      <Filter>Source Files</Filter>
    </ClCompile>
    <ClCompile Include="source\Player.cpp">
      <Filter>Source Files</Filter>
    </ClCompile>
    <ClCompile Include="source\DamageableObject.cpp">
      <Filter>Source Files</Filter>
    </ClCompile>
    <ClCompile Include="source\GameObject.cpp">
      <Filter>Source Files</Filter>
    </ClCompile>
    <ClCompile Include="source\Vector2.cpp">
      <Filter>Source Files</Filter>
    </ClCompile>
    <ClCompile Include="source\AnimatedImageRenderer.cpp">
      <Filter>Source Files</Filter>
    </ClCompile>
    <ClCompile Include="source\Animator.cpp">
      <Filter>Source Files</Filter>
    </ClCompile>
    <ClCompile Include="source\SpeedVfx.cpp">
      <Filter>Source Files</Filter>
    </ClCompile>
    <ClCompile Include="source\Gun.cpp">
      <Filter>Source Files</Filter>
    </ClCompile>
    <ClCompile Include="source\AmmoGun.cpp">
      <Filter>Source Files</Filter>
    </ClCompile>
    <ClCompile Include="source\Turret.cpp">
      <Filter>Source Files</Filter>
    </ClCompile>
    <ClCompile Include="source\Enemies\EnemySpawnData.cpp">
      <Filter>Source Files</Filter>
    </ClCompile>
    <ClCompile Include="source\Patterns\LinearToPlayerMovementPattern.cpp">
      <Filter>Source Files</Filter>
    </ClCompile>
    <ClCompile Include="source\Patterns\MultiPhasePattern.cpp">
      <Filter>Source Files</Filter>
    </ClCompile>
    <ClCompile Include="source\Enemies\Arachnid.cpp">
      <Filter>Source Files</Filter>
    </ClCompile>
    <ClCompile Include="source\Enemies\Boosters.cpp">
      <Filter>Source Files</Filter>
    </ClCompile>
    <ClCompile Include="source\Enemies\Charger.cpp">
      <Filter>Source Files</Filter>
    </ClCompile>
    <ClCompile Include="source\Enemies\Drifter.cpp">
      <Filter>Source Files</Filter>
    </ClCompile>
    <ClCompile Include="source\Enemies\Floater.cpp">
      <Filter>Source Files</Filter>
    </ClCompile>
    <ClCompile Include="source\Enemies\Gearbot.cpp">
      <Filter>Source Files</Filter>
    </ClCompile>
    <ClCompile Include="source\Enemies\Gulper.cpp">
      <Filter>Source Files</Filter>
    </ClCompile>
    <ClCompile Include="source\Enemies\Headron.cpp">
      <Filter>Source Files</Filter>
    </ClCompile>
    <ClCompile Include="source\Enemies\Lifters.cpp">
      <Filter>Source Files</Filter>
    </ClCompile>
    <ClCompile Include="source\Enemies\Loopers.cpp">
      <Filter>Source Files</Filter>
    </ClCompile>
    <ClCompile Include="source\Enemies\Mawler.cpp">
      <Filter>Source Files</Filter>
    </ClCompile>
    <ClCompile Include="source\Enemies\Rammers.cpp">
      <Filter>Source Files</Filter>
    </ClCompile>
    <ClCompile Include="source\Enemies\Scouts.cpp">
      <Filter>Source Files</Filter>
    </ClCompile>
    <ClCompile Include="source\Enemies\Sliders.cpp">
      <Filter>Source Files</Filter>
    </ClCompile>
    <ClCompile Include="source\Patterns\Pattern.cpp">
      <Filter>Source Files</Filter>
    </ClCompile>
    <ClCompile Include="source\Enemies\Enemy.cpp">
      <Filter>Source Files</Filter>
    </ClCompile>
    <ClCompile Include="source\Patterns\SinusoidalMovementPattern.cpp">
      <Filter>Source Files</Filter>
    </ClCompile>
    <ClCompile Include="source\Enemies\Splitta.cpp">
      <Filter>Source Files</Filter>
    </ClCompile>
    <ClCompile Include="source\Enemies\Starforge.cpp">
      <Filter>Source Files</Filter>
    </ClCompile>
    <ClCompile Include="source\Enemies\Strikers.cpp">
      <Filter>Source Files</Filter>
    </ClCompile>
    <ClCompile Include="source\Enemies\Swirlers.cpp">
      <Filter>Source Files</Filter>
    </ClCompile>
    <ClCompile Include="source\Enemies\Tentakor.cpp">
      <Filter>Source Files</Filter>
    </ClCompile>
    <ClCompile Include="source\Enemies\WaveManager.cpp">
      <Filter>Source Files</Filter>
    </ClCompile>
    <ClCompile Include="source\Patterns\ZigZagMovementPattern.cpp">
      <Filter>Source Files</Filter>
    </ClCompile>
    <ClCompile Include="source\Patterns\CircularMovementPattern.h">
      <Filter>Source Files</Filter>
    </ClCompile>
    <ClCompile Include="source\Patterns\CheckPointMovementPattern.h">
      <Filter>Source Files</Filter>
    </ClCompile>
  </ItemGroup>
  <ItemGroup>
    <ClInclude Include="source\Game.h">
      <Filter>Header Files</Filter>
    </ClInclude>
    <ClInclude Include="source\ImageObject.h">
      <Filter>Header Files</Filter>
    </ClInclude>
    <ClInclude Include="source\ImageRenderer.h">
      <Filter>Header Files</Filter>
    </ClInclude>
    <ClInclude Include="source\Object.h">
      <Filter>Header Files</Filter>
    </ClInclude>
    <ClInclude Include="source\Renderer.h">
      <Filter>Header Files</Filter>
    </ClInclude>
    <ClInclude Include="source\Vector2.h">
      <Filter>Header Files</Filter>
    </ClInclude>
    <ClInclude Include="source\RenderManager.h">
      <Filter>Header Files</Filter>
    </ClInclude>
    <ClInclude Include="source\Transform.h">
      <Filter>Header Files</Filter>
    </ClInclude>
    <ClInclude Include="source\InputManager.h">
      <Filter>Header Files</Filter>
    </ClInclude>
    <ClInclude Include="source\AABB.h">
      <Filter>Header Files</Filter>
    </ClInclude>
    <ClInclude Include="source\Rigidbody.h">
      <Filter>Header Files</Filter>
    </ClInclude>
    <ClInclude Include="source\TextRenderer.h">
      <Filter>Header Files</Filter>
    </ClInclude>
    <ClInclude Include="source\TestObject.h">
      <Filter>Header Files</Filter>
    </ClInclude>
    <ClInclude Include="source\Spawner.h">
      <Filter>Header Files</Filter>
    </ClInclude>
    <ClInclude Include="source\TextObject.h">
      <Filter>Header Files</Filter>
    </ClInclude>
    <ClInclude Include="source\Gameplay.h">
      <Filter>Header Files</Filter>
    </ClInclude>
    <ClInclude Include="source\Scene.h">
      <Filter>Header Files</Filter>
    </ClInclude>
    <ClInclude Include="source\SceneManager.h">
      <Filter>Header Files</Filter>
    </ClInclude>
    <ClInclude Include="source\Button.h">
      <Filter>Header Files</Filter>
    </ClInclude>
    <ClInclude Include="source\MainMenu.h">
      <Filter>Header Files</Filter>
    </ClInclude>
    <ClInclude Include="source\Item.h">
      <Filter>Header Files</Filter>
    </ClInclude>
    <ClInclude Include="source\Bullet.h">
      <Filter>Header Files</Filter>
    </ClInclude>
    <ClInclude Include="source\Player.h">
      <Filter>Header Files</Filter>
    </ClInclude>
    <ClInclude Include="source\DamageableObject.h">
      <Filter>Header Files</Filter>
    </ClInclude>
    <ClInclude Include="source\IDamageable.h">
      <Filter>Header Files</Filter>
    </ClInclude>
    <ClInclude Include="source\GameObject.h">
      <Filter>Header Files</Filter>
    </ClInclude>
<<<<<<< Updated upstream
    <ClInclude Include="source\SpeedUpgrade.h">
      <Filter>Header Files</Filter>
    </ClInclude>
<<<<<<< HEAD
    <ClInclude Include="source\SpawnPattern.h">
      <Filter>Header Files</Filter>
    </ClInclude>
    <ClInclude Include="source\MovementPattern.h">
      <Filter>Header Files</Filter>
    </ClInclude>
    <ClInclude Include="source\ExitPattern.h">
      <Filter>Header Files</Filter>
    </ClInclude>
=======
>>>>>>> Stashed changes
=======
>>>>>>> Develop
    <ClInclude Include="source\AnimatedImageRenderer.h">
      <Filter>Header Files</Filter>
    </ClInclude>
    <ClInclude Include="source\Animator.h">
      <Filter>Header Files</Filter>
    </ClInclude>
    <ClInclude Include="source\SpeedVfx.h">
      <Filter>Header Files</Filter>
    </ClInclude>
    <ClInclude Include="source\Gun.h">
      <Filter>Header Files</Filter>
    </ClInclude>
    <ClInclude Include="source\AmmoGun.h">
      <Filter>Header Files</Filter>
    </ClInclude>
    <ClInclude Include="source\Turret.h">
      <Filter>Header Files</Filter>
    </ClInclude>
    <ClInclude Include="source\Enemies\EnemySpawnData.h">
      <Filter>Header Files</Filter>
    </ClInclude>
    <ClInclude Include="source\Patterns\LinearToPlayerMovementPattern.h">
      <Filter>Header Files</Filter>
    </ClInclude>
    <ClInclude Include="source\Patterns\MultiPhasePattern.h">
      <Filter>Header Files</Filter>
    </ClInclude>
    <ClInclude Include="source\Enemies\Arachnid.h">
      <Filter>Header Files</Filter>
    </ClInclude>
    <ClInclude Include="source\Enemies\Boosters.h">
      <Filter>Header Files</Filter>
    </ClInclude>
    <ClInclude Include="source\Enemies\Charger.h">
      <Filter>Header Files</Filter>
    </ClInclude>
    <ClInclude Include="source\Enemies\Drifter.h">
      <Filter>Header Files</Filter>
    </ClInclude>
    <ClInclude Include="source\Enemies\Floater.h">
      <Filter>Header Files</Filter>
    </ClInclude>
    <ClInclude Include="source\Enemies\Gearbot.h">
      <Filter>Header Files</Filter>
    </ClInclude>
    <ClInclude Include="source\Enemies\Gulper.h">
      <Filter>Header Files</Filter>
    </ClInclude>
    <ClInclude Include="source\Enemies\Headron.h">
      <Filter>Header Files</Filter>
    </ClInclude>
    <ClInclude Include="source\Enemies\Lifters.h">
      <Filter>Header Files</Filter>
    </ClInclude>
    <ClInclude Include="source\Enemies\Loopers.h">
      <Filter>Header Files</Filter>
    </ClInclude>
    <ClInclude Include="source\Enemies\Mawler.h">
      <Filter>Header Files</Filter>
    </ClInclude>
    <ClInclude Include="source\Enemies\Rammers.h">
      <Filter>Header Files</Filter>
    </ClInclude>
    <ClInclude Include="source\Enemies\Scouts.h">
      <Filter>Header Files</Filter>
    </ClInclude>
    <ClInclude Include="source\Enemies\Sliders.h">
      <Filter>Header Files</Filter>
    </ClInclude>
    <ClInclude Include="source\Patterns\Pattern.h">
      <Filter>Header Files</Filter>
    </ClInclude>
    <ClInclude Include="source\Enemies\Enemy.h">
      <Filter>Header Files</Filter>
    </ClInclude>
    <ClInclude Include="source\Patterns\ExitPattern.h">
      <Filter>Header Files</Filter>
    </ClInclude>
    <ClInclude Include="source\Patterns\MovementPattern.h">
      <Filter>Header Files</Filter>
    </ClInclude>
    <ClInclude Include="source\Patterns\LineSpawnPattern.h">
      <Filter>Header Files</Filter>
    </ClInclude>
    <ClInclude Include="source\Patterns\SpawnPattern.h">
      <Filter>Header Files</Filter>
    </ClInclude>
    <ClInclude Include="source\Enemies\Splitta.h">
      <Filter>Header Files</Filter>
    </ClInclude>
    <ClInclude Include="source\Enemies\Starforge.h">
      <Filter>Header Files</Filter>
    </ClInclude>
    <ClInclude Include="source\Enemies\Strikers.h">
      <Filter>Header Files</Filter>
    </ClInclude>
    <ClInclude Include="source\Enemies\Swirlers.h">
      <Filter>Header Files</Filter>
    </ClInclude>
    <ClInclude Include="source\Enemies\Tentakor.h">
      <Filter>Header Files</Filter>
    </ClInclude>
    <ClInclude Include="source\Enemies\WaveManager.h">
      <Filter>Header Files</Filter>
    </ClInclude>
    <ClInclude Include="source\Patterns\SinusoidalMovementPattern.h">
      <Filter>Header Files</Filter>
    </ClInclude>
    <ClInclude Include="source\Patterns\ZigZagMovementPattern.h">
      <Filter>Header Files</Filter>
    </ClInclude>
    <ClInclude Include="source\Patterns\MovementPatternData.h">
      <Filter>Header Files</Filter>
    </ClInclude>
  </ItemGroup>
  <ItemGroup>
    <Image Include="resources\xd.png">
      <Filter>Resource Files</Filter>
    </Image>
    <Image Include="resources\bullet.png">
      <Filter>Resource Files</Filter>
    </Image>
    <Image Include="resources\Items\Cannon.PNG">
      <Filter>Resource Files</Filter>
    </Image>
    <Image Include="resources\Items\ForceField.PNG">
      <Filter>Resource Files</Filter>
    </Image>
    <Image Include="resources\Items\Laser.PNG">
      <Filter>Resource Files</Filter>
    </Image>
    <Image Include="resources\Items\Score.PNG">
      <Filter>Resource Files</Filter>
    </Image>
    <Image Include="resources\Items\Shield.PNG">
      <Filter>Resource Files</Filter>
    </Image>
    <Image Include="resources\Items\SpeedUpgrade.PNG">
      <Filter>Resource Files</Filter>
    </Image>
    <Image Include="resources\Items\Turret.PNG">
      <Filter>Resource Files</Filter>
    </Image>
    <Image Include="resources\Player\Player.png">
      <Filter>Resource Files</Filter>
    </Image>
    <Image Include="resources\Player\NormalShoot\shot_1.png">
      <Filter>Resource Files</Filter>
    </Image>
    <Image Include="resources\Player\NormalShoot\shot_2.png">
      <Filter>Resource Files</Filter>
    </Image>
    <Image Include="resources\Player\NormalShoot\shot_3.png">
      <Filter>Resource Files</Filter>
    </Image>
    <Image Include="resources\Player\NormalShoot\shot_4.png">
      <Filter>Resource Files</Filter>
    </Image>
    <Image Include="resources\Player\NormalShoot\shot_5.png">
      <Filter>Resource Files</Filter>
    </Image>
    <Image Include="resources\Player\NormalShoot\shot5_asset.png">
      <Filter>Resource Files</Filter>
    </Image>
    <Image Include="resources\Player\NormalShoot\shot_exp_1.png">
      <Filter>Resource Files</Filter>
    </Image>
    <Image Include="resources\Player\NormalShoot\shot_exp_2.png">
      <Filter>Resource Files</Filter>
    </Image>
    <Image Include="resources\Player\NormalShoot\shot_exp_3.png">
      <Filter>Resource Files</Filter>
    </Image>
    <Image Include="resources\Player\NormalShoot\shot_exp_4.png">
      <Filter>Resource Files</Filter>
    </Image>
    <Image Include="resources\Player\NormalShoot\shot_exp_5.png">
      <Filter>Resource Files</Filter>
    </Image>
    <Image Include="resources\Player\NormalShoot\shot_exp_6.png">
      <Filter>Resource Files</Filter>
    </Image>
    <Image Include="resources\Player\NormalShoot\shot_exp_7.png">
      <Filter>Resource Files</Filter>
    </Image>
    <Image Include="resources\Player\NormalShoot\shot_exp_8.png">
      <Filter>Resource Files</Filter>
    </Image>
    <Image Include="resources\Player\Turret\shot_1.png">
      <Filter>Resource Files</Filter>
    </Image>
    <Image Include="resources\Player\Turret\shot_2.png">
      <Filter>Resource Files</Filter>
    </Image>
    <Image Include="resources\Player\Turret\shot_3.png">
      <Filter>Resource Files</Filter>
    </Image>
    <Image Include="resources\Player\Turret\shot_4.png">
      <Filter>Resource Files</Filter>
    </Image>
    <Image Include="resources\Player\Turret\shot_5.png">
      <Filter>Resource Files</Filter>
    </Image>
    <Image Include="resources\Player\Turret\shot_6.png">
      <Filter>Resource Files</Filter>
    </Image>
    <Image Include="resources\Player\Turret\shot2_asset.png">
      <Filter>Resource Files</Filter>
    </Image>
    <Image Include="resources\Player\Turret\shot_exp_1.png">
      <Filter>Resource Files</Filter>
    </Image>
    <Image Include="resources\Player\Turret\shot_exp_2.png">
      <Filter>Resource Files</Filter>
    </Image>
    <Image Include="resources\Player\Turret\shot_exp_3.png">
      <Filter>Resource Files</Filter>
    </Image>
    <Image Include="resources\Player\Turret\shot_exp_4.png">
      <Filter>Resource Files</Filter>
    </Image>
    <Image Include="resources\Player\Turret\shot_exp_5.png">
      <Filter>Resource Files</Filter>
    </Image>
    <Image Include="resources\Player\Cannon\shot_1.png">
      <Filter>Resource Files</Filter>
    </Image>
    <Image Include="resources\Player\Cannon\shot_2.png">
      <Filter>Resource Files</Filter>
    </Image>
    <Image Include="resources\Player\Cannon\shot_3.png">
      <Filter>Resource Files</Filter>
    </Image>
    <Image Include="resources\Player\Cannon\shot_4.png">
      <Filter>Resource Files</Filter>
    </Image>
    <Image Include="resources\Player\Cannon\shot6_asset.png">
      <Filter>Resource Files</Filter>
    </Image>
    <Image Include="resources\Player\Cannon\shot_exp_1.png">
      <Filter>Resource Files</Filter>
    </Image>
    <Image Include="resources\Player\Cannon\shot_exp_2.png">
      <Filter>Resource Files</Filter>
    </Image>
    <Image Include="resources\Player\Cannon\shot_exp_3.png">
      <Filter>Resource Files</Filter>
    </Image>
    <Image Include="resources\Player\Cannon\shot_exp_4.png">
      <Filter>Resource Files</Filter>
    </Image>
    <Image Include="resources\Player\Cannon\shot_exp_5.png">
      <Filter>Resource Files</Filter>
    </Image>
    <Image Include="resources\Player\Cannon\shot_exp_6.png">
      <Filter>Resource Files</Filter>
    </Image>
    <Image Include="resources\Player\Cannon\shot_exp_7.png">
      <Filter>Resource Files</Filter>
    </Image>
    <Image Include="resources\Player\Cannon\shot_exp_8.png">
      <Filter>Resource Files</Filter>
    </Image>
    <Image Include="resources\Player\Cannon\shot_exp_9.png">
      <Filter>Resource Files</Filter>
    </Image>
    <Image Include="resources\Player\Cannon\shot_exp_10.png">
      <Filter>Resource Files</Filter>
    </Image>
    <Image Include="resources\Player\Laser\shot_1.png">
      <Filter>Resource Files</Filter>
    </Image>
    <Image Include="resources\Player\Laser\shot_2.png">
      <Filter>Resource Files</Filter>
    </Image>
    <Image Include="resources\Player\Laser\shot_3.png">
      <Filter>Resource Files</Filter>
    </Image>
    <Image Include="resources\Player\Laser\shot_4.png">
      <Filter>Resource Files</Filter>
    </Image>
    <Image Include="resources\Player\Laser\shot1_asset.png">
      <Filter>Resource Files</Filter>
    </Image>
    <Image Include="resources\Player\Laser\shot_exp_1.png">
      <Filter>Resource Files</Filter>
    </Image>
    <Image Include="resources\Player\Laser\shot_exp_2.png">
      <Filter>Resource Files</Filter>
    </Image>
    <Image Include="resources\Player\Laser\shot_exp_3.png">
      <Filter>Resource Files</Filter>
    </Image>
    <Image Include="resources\Player\Laser\shot_exp_4.png">
      <Filter>Resource Files</Filter>
    </Image>
    <Image Include="resources\Player\Laser\shot_exp_5.png">
      <Filter>Resource Files</Filter>
    </Image>
    <Image Include="resources\Player\NormalShoot\shot_6.png">
      <Filter>Resource Files</Filter>
    </Image>
  </ItemGroup>
  <ItemGroup>
    <None Include=".gitignore" />
  </ItemGroup>
</Project>